
Microsoft Visual Studio Solution File, Format Version 12.00
# Visual Studio 15
Project("{FAE04EC0-301F-11D3-BF4B-00C04F79EFBC}") = "UnityEngine.UI", "UnityEngine.UI.csproj", "{3EA00AF0-82D6-23A4-C952-EB5BABFFD32D}"
EndProject
Project("{FAE04EC0-301F-11D3-BF4B-00C04F79EFBC}") = "Assembly-CSharp", "Assembly-CSharp.csproj", "{6E7E9E48-CBB5-76A1-B48A-8222260533AD}"
EndProject
Project("{FAE04EC0-301F-11D3-BF4B-00C04F79EFBC}") = "UnityEditor.UI", "UnityEditor.UI.csproj", "{3FC0713D-E2AE-EC85-B1DA-14508FCFB030}"
EndProject
Global
	GlobalSection(SolutionConfigurationPlatforms) = preSolution
		Debug|Any CPU = Debug|Any CPU
		Release|Any CPU = Release|Any CPU
	EndGlobalSection
	GlobalSection(ProjectConfigurationPlatforms) = postSolution
		{3EA00AF0-82D6-23A4-C952-EB5BABFFD32D}.Debug|Any CPU.ActiveCfg = Debug|Any CPU
		{3EA00AF0-82D6-23A4-C952-EB5BABFFD32D}.Debug|Any CPU.Build.0 = Debug|Any CPU
		{3EA00AF0-82D6-23A4-C952-EB5BABFFD32D}.Release|Any CPU.ActiveCfg = Release|Any CPU
		{3EA00AF0-82D6-23A4-C952-EB5BABFFD32D}.Release|Any CPU.Build.0 = Release|Any CPU
		{6E7E9E48-CBB5-76A1-B48A-8222260533AD}.Debug|Any CPU.ActiveCfg = Debug|Any CPU
		{6E7E9E48-CBB5-76A1-B48A-8222260533AD}.Debug|Any CPU.Build.0 = Debug|Any CPU
		{6E7E9E48-CBB5-76A1-B48A-8222260533AD}.Release|Any CPU.ActiveCfg = Release|Any CPU
		{6E7E9E48-CBB5-76A1-B48A-8222260533AD}.Release|Any CPU.Build.0 = Release|Any CPU
		{3FC0713D-E2AE-EC85-B1DA-14508FCFB030}.Debug|Any CPU.ActiveCfg = Debug|Any CPU
		{3FC0713D-E2AE-EC85-B1DA-14508FCFB030}.Debug|Any CPU.Build.0 = Debug|Any CPU
		{3FC0713D-E2AE-EC85-B1DA-14508FCFB030}.Release|Any CPU.ActiveCfg = Release|Any CPU
		{3FC0713D-E2AE-EC85-B1DA-14508FCFB030}.Release|Any CPU.Build.0 = Release|Any CPU
	EndGlobalSection
	GlobalSection(SolutionProperties) = preSolution
		HideSolutionNode = FALSE
	EndGlobalSection
EndGlobal
